Microsoft Visual Studio Solution File, Format Version 12.00
# Visual Studio Version 17
VisualStudioVersion = 17.5.2.0
MinimumVisualStudioVersion = 10.0.40219.1
Project("{FAE04EC0-301F-11D3-BF4B-00C04F79EFBC}") = "Dia051", "Dia051\Dia051.csproj", "{F3F9E284-EFEF-152C-0C09-A24870F6BBE9}"
EndProject
Project("{FAE04EC0-301F-11D3-BF4B-00C04F79EFBC}") = "Dia069", "Dia069\Dia069.csproj", "{8736CEF2-AB16-8930-3168-112EBEF84631}"
EndProject
Project("{FAE04EC0-301F-11D3-BF4B-00C04F79EFBC}") = "Dia023", "Dia023\Dia023.csproj", "{EC9D951F-7F2B-AEE7-2FD4-18C305CBB46B}"
EndProject
Project("{FAE04EC0-301F-11D3-BF4B-00C04F79EFBC}") = "Dia083", "Dia083\Dia083.csproj", "{D61902BD-F2E8-091F-9C15-BE83A374FE3B}"
EndProject
Project("{FAE04EC0-301F-11D3-BF4B-00C04F79EFBC}") = "Dia065", "Dia065\Dia065.csproj", "{1777EF3F-A98B-15C5-736F-F494633345F8}"
EndProject
Project("{FAE04EC0-301F-11D3-BF4B-00C04F79EFBC}") = "Dia066", "Dia066\Dia066.csproj", "{73C4DA32-C8D2-7260-6142-3C9B264E32B3}"
EndProject
Project("{FAE04EC0-301F-11D3-BF4B-00C04F79EFBC}") = "Dia021", "Dia021\Dia021.csproj", "{528E34CA-7ED3-A7A6-16EF-847A07E12520}"
EndProject
Project("{FAE04EC0-301F-11D3-BF4B-00C04F79EFBC}") = "Dia074", "Dia074\Dia074.csproj", "{4EE9CAF3-E7C1-0C41-9654-52730759524F}"
EndProject
Project("{FAE04EC0-301F-11D3-BF4B-00C04F79EFBC}") = "Dia067", "Dia067\Dia067.csproj", "{8CB33256-3839-5A94-F307-9C59B91C0892}"
EndProject
Project("{FAE04EC0-301F-11D3-BF4B-00C04F79EFBC}") = "Dia047", "Dia047\Dia047.csproj", "{DE2A42E1-3E26-BA79-94BB-B086B8160989}"
EndProject
Project("{FAE04EC0-301F-11D3-BF4B-00C04F79EFBC}") = "Dia037", "Dia037\Dia037.csproj", "{DA72801B-8071-D646-D3AD-D06F42F7A311}"
EndProject
Project("{FAE04EC0-301F-11D3-BF4B-00C04F79EFBC}") = "Dia056", "Dia056\Dia056.csproj", "{345D2B82-60D7-51B8-811A-5F9FA7E774A2}"
EndProject
Project("{FAE04EC0-301F-11D3-BF4B-00C04F79EFBC}") = "Dia094", "Dia094\Dia094.csproj", "{4D3A08F1-E89A-866F-F633-92CB454C105B}"
EndProject
Project("{FAE04EC0-301F-11D3-BF4B-00C04F79EFBC}") = "Dia011", "Dia011\Dia011.csproj", "{1B7AFFC1-A0C1-3054-F4A4-A15861E7F6D1}"
EndProject
Project("{FAE04EC0-301F-11D3-BF4B-00C04F79EFBC}") = "Dia012", "Dia012\Dia012.csproj", "{F32B72AE-9700-F849-141D-2125CAA563AD}"
EndProject
Project("{FAE04EC0-301F-11D3-BF4B-00C04F79EFBC}") = "Dia061", "Dia061\Dia061.csproj", "{A10EBDC1-30BC-1E21-380C-92C68E6B4CDE}"
EndProject
Project("{FAE04EC0-301F-11D3-BF4B-00C04F79EFBC}") = "Dia059", "Dia059\Dia059.csproj", "{14BEA25B-16C7-23C7-0D8B-EFC0E7BA2A49}"
EndProject
Project("{FAE04EC0-301F-11D3-BF4B-00C04F79EFBC}") = "Dia098", "Dia098\Dia098.csproj", "{3F8B5F1C-8EFD-103A-C3DF-EDC914F2204A}"
EndProject
Project("{FAE04EC0-301F-11D3-BF4B-00C04F79EFBC}") = "Dia024", "Dia024\Dia024.csproj", "{031CBEC5-AB16-E87D-3B61-C957BC1C750A}"
EndProject
Project("{FAE04EC0-301F-11D3-BF4B-00C04F79EFBC}") = "Dia087", "Dia087\Dia087.csproj", "{A3FCC60D-FE6F-AECE-F8D8-54120AEE27ED}"
EndProject
Project("{FAE04EC0-301F-11D3-BF4B-00C04F79EFBC}") = "Dia052", "Dia052\Dia052.csproj", "{D6B47D45-FB0B-EFBA-4AEF-B1F9C3D10E0D}"
EndProject
Project("{FAE04EC0-301F-11D3-BF4B-00C04F79EFBC}") = "Dia043", "Dia043\Dia043.csproj", "{CDE0DDCD-0032-0D7A-509D-4630817E6E33}"
EndProject
Project("{FAE04EC0-301F-11D3-BF4B-00C04F79EFBC}") = "Dia049", "Dia049\Dia049.csproj", "{D216BA2D-ADB1-FCD0-CEDD-A56DA091F98E}"
EndProject
Project("{FAE04EC0-301F-11D3-BF4B-00C04F79EFBC}") = "Dia079", "Dia079\Dia079.csproj", "{7AAD0283-B564-7310-78AE-D8ACC325E609}"
EndProject
Project("{FAE04EC0-301F-11D3-BF4B-00C04F79EFBC}") = "Dia084", "Dia084\Dia084.csproj", "{EEFB172C-1ECE-A49F-040B-DF0AFAD3E13D}"
EndProject
Project("{FAE04EC0-301F-11D3-BF4B-00C04F79EFBC}") = "Dia062", "Dia062\Dia062.csproj", "{1255F65B-991E-DED7-9884-0CF23843832E}"
EndProject
Project("{FAE04EC0-301F-11D3-BF4B-00C04F79EFBC}") = "Dia034", "Dia034\Dia034.csproj", "{5713AAA4-58E4-FE41-E0AE-B1B2895F472E}"
EndProject
Project("{FAE04EC0-301F-11D3-BF4B-00C04F79EFBC}") = "Dia050", "Dia050\Dia050.csproj", "{E984C2FC-502E-4154-374E-363F7BA7252C}"
EndProject
Project("{FAE04EC0-301F-11D3-BF4B-00C04F79EFBC}") = "Dia057", "Dia057\Dia057.csproj", "{30BEF094-5E85-6FB6-9D33-5852DBF0AC55}"
EndProject
Project("{FAE04EC0-301F-11D3-BF4B-00C04F79EFBC}") = "Dia026", "Dia026\Dia026.csproj", "{50296D4D-0578-6C7E-65F9-C333532C9C0A}"
EndProject
Project("{FAE04EC0-301F-11D3-BF4B-00C04F79EFBC}") = "Dia002", "Dia002\Dia002.csproj", "{E8C57D57-CAB5-EF50-3FBD-D53C79BBF080}"
EndProject
Project("{FAE04EC0-301F-11D3-BF4B-00C04F79EFBC}") = "Dia009", "Dia009\Dia009.csproj", "{1DC7DCE1-41E7-FDFB-1003-3A07A786D73C}"
EndProject
Project("{FAE04EC0-301F-11D3-BF4B-00C04F79EFBC}") = "Dia004", "Dia004\Dia004.csproj", "{DC2130D4-ABC6-1873-BECA-7458B3BAAD9B}"
EndProject
Project("{FAE04EC0-301F-11D3-BF4B-00C04F79EFBC}") = "Dia029", "Dia029\Dia029.csproj", "{BBBF7BF7-E3FD-F003-5A2D-05C354EAE5A3}"
EndProject
Project("{FAE04EC0-301F-11D3-BF4B-00C04F79EFBC}") = "Dia014", "Dia014\Dia014.csproj", "{F2416FC9-43CC-7058-42B8-F3EEE2C38918}"
EndProject
Project("{FAE04EC0-301F-11D3-BF4B-00C04F79EFBC}") = "Dia063", "Dia063\Dia063.csproj", "{94E802BA-5BBF-9B48-2513-722A538A9287}"
EndProject
Project("{FAE04EC0-301F-11D3-BF4B-00C04F79EFBC}") = "Dia064", "Dia064\Dia064.csproj", "{0CC07C72-3612-BCE3-E025-D656640565B7}"
EndProject
Project("{FAE04EC0-301F-11D3-BF4B-00C04F79EFBC}") = "Dia030", "Dia030\Dia030.csproj", "{F5CE52D7-0016-37B3-161B-32E3297C35D9}"
EndProject
Project("{FAE04EC0-301F-11D3-BF4B-00C04F79EFBC}") = "Dia035", "Dia035\Dia035.csproj", "{17902C5C-9FBC-7861-D086-B541AEDFBABA}"
EndProject
Project("{FAE04EC0-301F-11D3-BF4B-00C04F79EFBC}") = "Dia053", "Dia053\Dia053.csproj", "{6134DC18-085E-F19F-1536-59BD6ED3AE27}"
EndProject
Project("{FAE04EC0-301F-11D3-BF4B-00C04F79EFBC}") = "Dia090", "Dia090\Dia090.csproj", "{E9399CBC-5E47-B614-53EF-BE735E632E43}"
EndProject
Project("{FAE04EC0-301F-11D3-BF4B-00C04F79EFBC}") = "Dia042", "Dia042\Dia042.csproj", "{A7CA1BA4-AB75-721B-50F1-C217983BD67A}"
EndProject
Project("{FAE04EC0-301F-11D3-BF4B-00C04F79EFBC}") = "Dia008", "Dia008\Dia008.csproj", "{2E3B6A76-7949-5272-F541-7A916F106F9C}"
EndProject
Project("{FAE04EC0-301F-11D3-BF4B-00C04F79EFBC}") = "Dia040", "Dia040\Dia040.csproj", "{3A392F99-E3FA-0C72-593B-2403B0F69C4F}"
EndProject
Project("{FAE04EC0-301F-11D3-BF4B-00C04F79EFBC}") = "Dia080", "Dia080\Dia080.csproj", "{B06B2C9A-2E5D-DAD1-9F92-005A26C16AF1}"
EndProject
Project("{FAE04EC0-301F-11D3-BF4B-00C04F79EFBC}") = "Dia092", "Dia092\Dia092.csproj", "{588562F7-9F92-13A9-B62E-956F2839ACC1}"
EndProject
Project("{FAE04EC0-301F-11D3-BF4B-00C04F79EFBC}") = "Dia010", "Dia010\Dia010.csproj", "{54F1803E-D027-DE61-31CD-FCEE0C24A0A3}"
EndProject
Project("{FAE04EC0-301F-11D3-BF4B-00C04F79EFBC}") = "Dia044", "Dia044\Dia044.csproj", "{DB718575-0D44-0E4E-4B8B-19187374966E}"
EndProject
Project("{FAE04EC0-301F-11D3-BF4B-00C04F79EFBC}") = "Dia089", "Dia089\Dia089.csproj", "{45FDE9FA-3565-935C-32FD-1CE2F36BBE70}"
EndProject
Project("{FAE04EC0-301F-11D3-BF4B-00C04F79EFBC}") = "Dia086", "Dia086\Dia086.csproj", "{5D876DF9-92FD-65AF-9EFB-2FFA191CB3AB}"
EndProject
Project("{FAE04EC0-301F-11D3-BF4B-00C04F79EFBC}") = "Dia006", "Dia006\Dia006.csproj", "{391A1703-B39B-56C7-808F-6DAA3DCBA275}"
EndProject
Project("{FAE04EC0-301F-11D3-BF4B-00C04F79EFBC}") = "Dia003", "Dia003\Dia003.csproj", "{2BB84AC7-21DB-8CB5-2CC5-6A9F899EBE44}"
EndProject
Project("{FAE04EC0-301F-11D3-BF4B-00C04F79EFBC}") = "Dia036", "Dia036\Dia036.csproj", "{B1D845E7-B012-C2ED-E5F4-7E76CEBAC29E}"
EndProject
Project("{FAE04EC0-301F-11D3-BF4B-00C04F79EFBC}") = "Dia032", "Dia032\Dia032.csproj", "{5B0575A3-FBD5-C5B2-DC85-857A09572144}"
EndProject
Project("{FAE04EC0-301F-11D3-BF4B-00C04F79EFBC}") = "Dia072", "Dia072\Dia072.csproj", "{842A3BE2-06F9-BD18-DFD5-92DF1001F9C9}"
EndProject
Project("{FAE04EC0-301F-11D3-BF4B-00C04F79EFBC}") = "Dia031", "Dia031\Dia031.csproj", "{A23F19CE-2421-8033-26DC-A447449A8BF8}"
EndProject
Project("{FAE04EC0-301F-11D3-BF4B-00C04F79EFBC}") = "Dia058", "Dia058\Dia058.csproj", "{CC399CBD-3551-5177-0F8E-1DA4808DCEA9}"
EndProject
Project("{FAE04EC0-301F-11D3-BF4B-00C04F79EFBC}") = "Dia097", "Dia097\Dia097.csproj", "{A27AFF7B-A442-5FE6-1F63-3ABB44D83B4E}"
EndProject
Project("{FAE04EC0-301F-11D3-BF4B-00C04F79EFBC}") = "Dia013", "Dia013\Dia013.csproj", "{610CC3A2-B736-9D95-24C1-E0CFFB100705}"
EndProject
Project("{FAE04EC0-301F-11D3-BF4B-00C04F79EFBC}") = "Dia001", "Dia001\Dia001.csproj", "{52651BA3-A321-7EE7-6F09-54773F6A99C2}"
EndProject
Project("{FAE04EC0-301F-11D3-BF4B-00C04F79EFBC}") = "Dia041", "Dia041\Dia041.csproj", "{5222627B-1AAB-34F3-38F1-50A791FAEF68}"
EndProject
Project("{FAE04EC0-301F-11D3-BF4B-00C04F79EFBC}") = "Dia075", "Dia075\Dia075.csproj", "{FD2DCF3B-A6A3-342F-6C4E-26EE719E7B72}"
EndProject
Project("{FAE04EC0-301F-11D3-BF4B-00C04F79EFBC}") = "Dia016", "Dia016\Dia016.csproj", "{249702E7-39FA-6F16-D310-7853910EE59D}"
EndProject
Project("{FAE04EC0-301F-11D3-BF4B-00C04F79EFBC}") = "Dia015", "Dia015\Dia015.csproj", "{F305A2A1-96CC-FEB2-CCBC-F4BA9A5A394F}"
EndProject
Project("{FAE04EC0-301F-11D3-BF4B-00C04F79EFBC}") = "Dia033", "Dia033\Dia033.csproj", "{8DEFCDF9-7579-C58F-DD5D-18AB165334C7}"
EndProject
Project("{FAE04EC0-301F-11D3-BF4B-00C04F79EFBC}") = "Dia071", "Dia071\Dia071.csproj", "{0C2CDC00-C7CD-BE2F-A57F-BB848F9CF383}"
EndProject
Project("{FAE04EC0-301F-11D3-BF4B-00C04F79EFBC}") = "Dia096", "Dia096\Dia096.csproj", "{A866457D-AFFF-34DD-ADC6-5D2728F76B05}"
EndProject
Project("{FAE04EC0-301F-11D3-BF4B-00C04F79EFBC}") = "Dia078", "Dia078\Dia078.csproj", "{EC29D52E-D635-1E02-CF15-6C9300DFEC8E}"
EndProject
Project("{FAE04EC0-301F-11D3-BF4B-00C04F79EFBC}") = "Dia076", "Dia076\Dia076.csproj", "{3AB98B6F-5FE7-D663-A70A-68C6ADA76E62}"
EndProject
Project("{FAE04EC0-301F-11D3-BF4B-00C04F79EFBC}") = "Dia022", "Dia022\Dia022.csproj", "{D505713A-1D52-4E07-159B-8B2373D83696}"
EndProject
Project("{FAE04EC0-301F-11D3-BF4B-00C04F79EFBC}") = "Dia077", "Dia077\Dia077.csproj", "{B79974A6-2B46-CF91-CE4C-4E59E78E8268}"
EndProject
Project("{FAE04EC0-301F-11D3-BF4B-00C04F79EFBC}") = "Dia082", "Dia082\Dia082.csproj", "{C89759E6-51B4-DE94-F7E8-DDA7E0664247}"
EndProject
Project("{FAE04EC0-301F-11D3-BF4B-00C04F79EFBC}") = "Dia095", "Dia095\Dia095.csproj", "{BFFD222D-0D50-D00A-6091-E7A1C603C186}"
EndProject
Project("{FAE04EC0-301F-11D3-BF4B-00C04F79EFBC}") = "Dia081", "Dia081\Dia081.csproj", "{D5F0AF9C-4429-9EB0-8014-87B917F1C4E7}"
EndProject
Project("{FAE04EC0-301F-11D3-BF4B-00C04F79EFBC}") = "Dia039", "Dia039\Dia039.csproj", "{14471ADF-5639-9989-95EF-E6D40EF87D7A}"
EndProject
Project("{FAE04EC0-301F-11D3-BF4B-00C04F79EFBC}") = "Dia027", "Dia027\Dia027.csproj", "{F3770B83-49C0-8AAA-75DE-92D28FF4BB4D}"
EndProject
Project("{FAE04EC0-301F-11D3-BF4B-00C04F79EFBC}") = "Dia045", "Dia045\Dia045.csproj", "{FA360F5F-2FB6-F6AC-6302-B665A512785F}"
EndProject
Project("{FAE04EC0-301F-11D3-BF4B-00C04F79EFBC}") = "Dia020", "Dia020\Dia020.csproj", "{588E35A7-04F9-6BB3-F40C-B32166D0FA2E}"
EndProject
Project("{FAE04EC0-301F-11D3-BF4B-00C04F79EFBC}") = "Dia088", "Dia088\Dia088.csproj", "{5C0B97C0-6E24-D9AF-8E03-5927430A92A7}"
EndProject
Project("{FAE04EC0-301F-11D3-BF4B-00C04F79EFBC}") = "Dia093", "Dia093\Dia093.csproj", "{EDCA9315-C5F9-76CC-92C2-D4EC8AA01AE0}"
EndProject
Project("{FAE04EC0-301F-11D3-BF4B-00C04F79EFBC}") = "Dia025", "Dia025\Dia025.csproj", "{93E7229D-53DC-D8A7-5754-F0AC13E1B577}"
EndProject
Project("{FAE04EC0-301F-11D3-BF4B-00C04F79EFBC}") = "Dia070", "Dia070\Dia070.csproj", "{328C4176-FB39-5797-FBB1-21BD02B934E5}"
EndProject
Project("{FAE04EC0-301F-11D3-BF4B-00C04F79EFBC}") = "Dia038", "Dia038\Dia038.csproj", "{0F8C9F78-AEBC-4C88-A519-D13F27C14B46}"
EndProject
Project("{FAE04EC0-301F-11D3-BF4B-00C04F79EFBC}") = "Dia007", "Dia007\Dia007.csproj", "{93088040-EA9C-EF1C-CB23-900677158C2A}"
EndProject
Project("{FAE04EC0-301F-11D3-BF4B-00C04F79EFBC}") = "Dia060", "Dia060\Dia060.csproj", "{23DBFF31-896A-3DBD-09CC-A270BE08A28A}"
EndProject
Project("{FAE04EC0-301F-11D3-BF4B-00C04F79EFBC}") = "Dia019", "Dia019\Dia019.csproj", "{2765CA07-8525-C802-06F6-CA4E24DDC4FA}"
EndProject
Project("{FAE04EC0-301F-11D3-BF4B-00C04F79EFBC}") = "Dia018", "Dia018\Dia018.csproj", "{D8DCC71B-B973-DD0A-EFD3-4E4C6FFE01D9}"
EndProject
Project("{FAE04EC0-301F-11D3-BF4B-00C04F79EFBC}") = "Dia005", "Dia005\Dia005.csproj", "{965EA598-DD83-83DB-70CB-68DCA9D661BC}"
EndProject
Project("{FAE04EC0-301F-11D3-BF4B-00C04F79EFBC}") = "Dia017", "Dia017\Dia017.csproj", "{91E1F789-4836-9282-4184-00F9A161CC23}"
EndProject
Project("{FAE04EC0-301F-11D3-BF4B-00C04F79EFBC}") = "Dia100", "Dia100\Dia100.csproj", "{69B6D39B-596C-62E6-E21B-CC60895029DB}"
EndProject
Project("{FAE04EC0-301F-11D3-BF4B-00C04F79EFBC}") = "Dia055", "Dia055\Dia055.csproj", "{0519A361-B5F8-8871-2F9C-73D91D863D42}"
EndProject
Project("{FAE04EC0-301F-11D3-BF4B-00C04F79EFBC}") = "Dia046", "Dia046\Dia046.csproj", "{4C211968-9B8C-4630-A953-2840ACBD1AE0}"
EndProject
Project("{FAE04EC0-301F-11D3-BF4B-00C04F79EFBC}") = "Dia068", "Dia068\Dia068.csproj", "{C3BF5BB7-2554-05D4-49B3-DC7AF9D733EA}"
EndProject
Project("{FAE04EC0-301F-11D3-BF4B-00C04F79EFBC}") = "Dia054", "Dia054\Dia054.csproj", "{80BE98A0-EB30-DB06-3C63-B8C8E6F52D06}"
EndProject
Project("{FAE04EC0-301F-11D3-BF4B-00C04F79EFBC}") = "Dia085", "Dia085\Dia085.csproj", "{617237A4-E32F-88D2-8B61-2CD9FF8BDB03}"
EndProject
Project("{FAE04EC0-301F-11D3-BF4B-00C04F79EFBC}") = "Dia099", "Dia099\Dia099.csproj", "{3B73248D-6B84-B843-3BD5-2A7EADF63633}"
EndProject
Project("{FAE04EC0-301F-11D3-BF4B-00C04F79EFBC}") = "Dia091", "Dia091\Dia091.csproj", "{2C4CC0F3-DE44-483D-688E-01F79A4C06F0}"
EndProject
Project("{FAE04EC0-301F-11D3-BF4B-00C04F79EFBC}") = "Dia028", "Dia028\Dia028.csproj", "{831CC462-28F3-8112-257D-515BE5118CF1}"
EndProject
Project("{FAE04EC0-301F-11D3-BF4B-00C04F79EFBC}") = "Dia073", "Dia073\Dia073.csproj", "{65CE17D5-8AEC-F34F-77EE-259AAF10C26C}"
EndProject
Project("{FAE04EC0-301F-11D3-BF4B-00C04F79EFBC}") = "Dia048", "Dia048\Dia048.csproj", "{F66AE5EC-36DA-D011-0489-21621AF831FA}"
EndProject
Global
	GlobalSection(SolutionConfigurationPlatforms) = preSolution
		Debug|Any CPU = Debug|Any CPU
		Release|Any CPU = Release|Any CPU
	EndGlobalSection
	GlobalSection(ProjectConfigurationPlatforms) = postSolution
		{F3F9E284-EFEF-152C-0C09-A24870F6BBE9}.Debug|Any CPU.ActiveCfg = Debug|Any CPU
		{F3F9E284-EFEF-152C-0C09-A24870F6BBE9}.Debug|Any CPU.Build.0 = Debug|Any CPU
		{F3F9E284-EFEF-152C-0C09-A24870F6BBE9}.Release|Any CPU.ActiveCfg = Release|Any CPU
		{F3F9E284-EFEF-152C-0C09-A24870F6BBE9}.Release|Any CPU.Build.0 = Release|Any CPU
		{8736CEF2-AB16-8930-3168-112EBEF84631}.Debug|Any CPU.ActiveCfg = Debug|Any CPU
		{8736CEF2-AB16-8930-3168-112EBEF84631}.Debug|Any CPU.Build.0 = Debug|Any CPU
		{8736CEF2-AB16-8930-3168-112EBEF84631}.Release|Any CPU.ActiveCfg = Release|Any CPU
		{8736CEF2-AB16-8930-3168-112EBEF84631}.Release|Any CPU.Build.0 = Release|Any CPU
		{EC9D951F-7F2B-AEE7-2FD4-18C305CBB46B}.Debug|Any CPU.ActiveCfg = Debug|Any CPU
		{EC9D951F-7F2B-AEE7-2FD4-18C305CBB46B}.Debug|Any CPU.Build.0 = Debug|Any CPU
		{EC9D951F-7F2B-AEE7-2FD4-18C305CBB46B}.Release|Any CPU.ActiveCfg = Release|Any CPU
		{EC9D951F-7F2B-AEE7-2FD4-18C305CBB46B}.Release|Any CPU.Build.0 = Release|Any CPU
		{D61902BD-F2E8-091F-9C15-BE83A374FE3B}.Debug|Any CPU.ActiveCfg = Debug|Any CPU
		{D61902BD-F2E8-091F-9C15-BE83A374FE3B}.Debug|Any CPU.Build.0 = Debug|Any CPU
		{D61902BD-F2E8-091F-9C15-BE83A374FE3B}.Release|Any CPU.ActiveCfg = Release|Any CPU
		{D61902BD-F2E8-091F-9C15-BE83A374FE3B}.Release|Any CPU.Build.0 = Release|Any CPU
		{1777EF3F-A98B-15C5-736F-F494633345F8}.Debug|Any CPU.ActiveCfg = Debug|Any CPU
		{1777EF3F-A98B-15C5-736F-F494633345F8}.Debug|Any CPU.Build.0 = Debug|Any CPU
		{1777EF3F-A98B-15C5-736F-F494633345F8}.Release|Any CPU.ActiveCfg = Release|Any CPU
		{1777EF3F-A98B-15C5-736F-F494633345F8}.Release|Any CPU.Build.0 = Release|Any CPU
		{73C4DA32-C8D2-7260-6142-3C9B264E32B3}.Debug|Any CPU.ActiveCfg = Debug|Any CPU
		{73C4DA32-C8D2-7260-6142-3C9B264E32B3}.Debug|Any CPU.Build.0 = Debug|Any CPU
		{73C4DA32-C8D2-7260-6142-3C9B264E32B3}.Release|Any CPU.ActiveCfg = Release|Any CPU
		{73C4DA32-C8D2-7260-6142-3C9B264E32B3}.Release|Any CPU.Build.0 = Release|Any CPU
		{528E34CA-7ED3-A7A6-16EF-847A07E12520}.Debug|Any CPU.ActiveCfg = Debug|Any CPU
		{528E34CA-7ED3-A7A6-16EF-847A07E12520}.Debug|Any CPU.Build.0 = Debug|Any CPU
		{528E34CA-7ED3-A7A6-16EF-847A07E12520}.Release|Any CPU.ActiveCfg = Release|Any CPU
		{528E34CA-7ED3-A7A6-16EF-847A07E12520}.Release|Any CPU.Build.0 = Release|Any CPU
		{4EE9CAF3-E7C1-0C41-9654-52730759524F}.Debug|Any CPU.ActiveCfg = Debug|Any CPU
		{4EE9CAF3-E7C1-0C41-9654-52730759524F}.Debug|Any CPU.Build.0 = Debug|Any CPU
		{4EE9CAF3-E7C1-0C41-9654-52730759524F}.Release|Any CPU.ActiveCfg = Release|Any CPU
		{4EE9CAF3-E7C1-0C41-9654-52730759524F}.Release|Any CPU.Build.0 = Release|Any CPU
		{8CB33256-3839-5A94-F307-9C59B91C0892}.Debug|Any CPU.ActiveCfg = Debug|Any CPU
		{8CB33256-3839-5A94-F307-9C59B91C0892}.Debug|Any CPU.Build.0 = Debug|Any CPU
		{8CB33256-3839-5A94-F307-9C59B91C0892}.Release|Any CPU.ActiveCfg = Release|Any CPU
		{8CB33256-3839-5A94-F307-9C59B91C0892}.Release|Any CPU.Build.0 = Release|Any CPU
		{DE2A42E1-3E26-BA79-94BB-B086B8160989}.Debug|Any CPU.ActiveCfg = Debug|Any CPU
		{DE2A42E1-3E26-BA79-94BB-B086B8160989}.Debug|Any CPU.Build.0 = Debug|Any CPU
		{DE2A42E1-3E26-BA79-94BB-B086B8160989}.Release|Any CPU.ActiveCfg = Release|Any CPU
		{DE2A42E1-3E26-BA79-94BB-B086B8160989}.Release|Any CPU.Build.0 = Release|Any CPU
		{DA72801B-8071-D646-D3AD-D06F42F7A311}.Debug|Any CPU.ActiveCfg = Debug|Any CPU
		{DA72801B-8071-D646-D3AD-D06F42F7A311}.Debug|Any CPU.Build.0 = Debug|Any CPU
		{DA72801B-8071-D646-D3AD-D06F42F7A311}.Release|Any CPU.ActiveCfg = Release|Any CPU
		{DA72801B-8071-D646-D3AD-D06F42F7A311}.Release|Any CPU.Build.0 = Release|Any CPU
		{345D2B82-60D7-51B8-811A-5F9FA7E774A2}.Debug|Any CPU.ActiveCfg = Debug|Any CPU
		{345D2B82-60D7-51B8-811A-5F9FA7E774A2}.Debug|Any CPU.Build.0 = Debug|Any CPU
		{345D2B82-60D7-51B8-811A-5F9FA7E774A2}.Release|Any CPU.ActiveCfg = Release|Any CPU
		{345D2B82-60D7-51B8-811A-5F9FA7E774A2}.Release|Any CPU.Build.0 = Release|Any CPU
		{4D3A08F1-E89A-866F-F633-92CB454C105B}.Debug|Any CPU.ActiveCfg = Debug|Any CPU
		{4D3A08F1-E89A-866F-F633-92CB454C105B}.Debug|Any CPU.Build.0 = Debug|Any CPU
		{4D3A08F1-E89A-866F-F633-92CB454C105B}.Release|Any CPU.ActiveCfg = Release|Any CPU
		{4D3A08F1-E89A-866F-F633-92CB454C105B}.Release|Any CPU.Build.0 = Release|Any CPU
		{1B7AFFC1-A0C1-3054-F4A4-A15861E7F6D1}.Debug|Any CPU.ActiveCfg = Debug|Any CPU
		{1B7AFFC1-A0C1-3054-F4A4-A15861E7F6D1}.Debug|Any CPU.Build.0 = Debug|Any CPU
		{1B7AFFC1-A0C1-3054-F4A4-A15861E7F6D1}.Release|Any CPU.ActiveCfg = Release|Any CPU
		{1B7AFFC1-A0C1-3054-F4A4-A15861E7F6D1}.Release|Any CPU.Build.0 = Release|Any CPU
		{F32B72AE-9700-F849-141D-2125CAA563AD}.Debug|Any CPU.ActiveCfg = Debug|Any CPU
		{F32B72AE-9700-F849-141D-2125CAA563AD}.Debug|Any CPU.Build.0 = Debug|Any CPU
		{F32B72AE-9700-F849-141D-2125CAA563AD}.Release|Any CPU.ActiveCfg = Release|Any CPU
		{F32B72AE-9700-F849-141D-2125CAA563AD}.Release|Any CPU.Build.0 = Release|Any CPU
		{A10EBDC1-30BC-1E21-380C-92C68E6B4CDE}.Debug|Any CPU.ActiveCfg = Debug|Any CPU
		{A10EBDC1-30BC-1E21-380C-92C68E6B4CDE}.Debug|Any CPU.Build.0 = Debug|Any CPU
		{A10EBDC1-30BC-1E21-380C-92C68E6B4CDE}.Release|Any CPU.ActiveCfg = Release|Any CPU
		{A10EBDC1-30BC-1E21-380C-92C68E6B4CDE}.Release|Any CPU.Build.0 = Release|Any CPU
		{14BEA25B-16C7-23C7-0D8B-EFC0E7BA2A49}.Debug|Any CPU.ActiveCfg = Debug|Any CPU
		{14BEA25B-16C7-23C7-0D8B-EFC0E7BA2A49}.Debug|Any CPU.Build.0 = Debug|Any CPU
		{14BEA25B-16C7-23C7-0D8B-EFC0E7BA2A49}.Release|Any CPU.ActiveCfg = Release|Any CPU
		{14BEA25B-16C7-23C7-0D8B-EFC0E7BA2A49}.Release|Any CPU.Build.0 = Release|Any CPU
		{3F8B5F1C-8EFD-103A-C3DF-EDC914F2204A}.Debug|Any CPU.ActiveCfg = Debug|Any CPU
		{3F8B5F1C-8EFD-103A-C3DF-EDC914F2204A}.Debug|Any CPU.Build.0 = Debug|Any CPU
		{3F8B5F1C-8EFD-103A-C3DF-EDC914F2204A}.Release|Any CPU.ActiveCfg = Release|Any CPU
		{3F8B5F1C-8EFD-103A-C3DF-EDC914F2204A}.Release|Any CPU.Build.0 = Release|Any CPU
		{031CBEC5-AB16-E87D-3B61-C957BC1C750A}.Debug|Any CPU.ActiveCfg = Debug|Any CPU
		{031CBEC5-AB16-E87D-3B61-C957BC1C750A}.Debug|Any CPU.Build.0 = Debug|Any CPU
		{031CBEC5-AB16-E87D-3B61-C957BC1C750A}.Release|Any CPU.ActiveCfg = Release|Any CPU
		{031CBEC5-AB16-E87D-3B61-C957BC1C750A}.Release|Any CPU.Build.0 = Release|Any CPU
		{A3FCC60D-FE6F-AECE-F8D8-54120AEE27ED}.Debug|Any CPU.ActiveCfg = Debug|Any CPU
		{A3FCC60D-FE6F-AECE-F8D8-54120AEE27ED}.Debug|Any CPU.Build.0 = Debug|Any CPU
		{A3FCC60D-FE6F-AECE-F8D8-54120AEE27ED}.Release|Any CPU.ActiveCfg = Release|Any CPU
		{A3FCC60D-FE6F-AECE-F8D8-54120AEE27ED}.Release|Any CPU.Build.0 = Release|Any CPU
		{D6B47D45-FB0B-EFBA-4AEF-B1F9C3D10E0D}.Debug|Any CPU.ActiveCfg = Debug|Any CPU
		{D6B47D45-FB0B-EFBA-4AEF-B1F9C3D10E0D}.Debug|Any CPU.Build.0 = Debug|Any CPU
		{D6B47D45-FB0B-EFBA-4AEF-B1F9C3D10E0D}.Release|Any CPU.ActiveCfg = Release|Any CPU
		{D6B47D45-FB0B-EFBA-4AEF-B1F9C3D10E0D}.Release|Any CPU.Build.0 = Release|Any CPU
		{CDE0DDCD-0032-0D7A-509D-4630817E6E33}.Debug|Any CPU.ActiveCfg = Debug|Any CPU
		{CDE0DDCD-0032-0D7A-509D-4630817E6E33}.Debug|Any CPU.Build.0 = Debug|Any CPU
		{CDE0DDCD-0032-0D7A-509D-4630817E6E33}.Release|Any CPU.ActiveCfg = Release|Any CPU
		{CDE0DDCD-0032-0D7A-509D-4630817E6E33}.Release|Any CPU.Build.0 = Release|Any CPU
		{D216BA2D-ADB1-FCD0-CEDD-A56DA091F98E}.Debug|Any CPU.ActiveCfg = Debug|Any CPU
		{D216BA2D-ADB1-FCD0-CEDD-A56DA091F98E}.Debug|Any CPU.Build.0 = Debug|Any CPU
		{D216BA2D-ADB1-FCD0-CEDD-A56DA091F98E}.Release|Any CPU.ActiveCfg = Release|Any CPU
		{D216BA2D-ADB1-FCD0-CEDD-A56DA091F98E}.Release|Any CPU.Build.0 = Release|Any CPU
		{7AAD0283-B564-7310-78AE-D8ACC325E609}.Debug|Any CPU.ActiveCfg = Debug|Any CPU
		{7AAD0283-B564-7310-78AE-D8ACC325E609}.Debug|Any CPU.Build.0 = Debug|Any CPU
		{7AAD0283-B564-7310-78AE-D8ACC325E609}.Release|Any CPU.ActiveCfg = Release|Any CPU
		{7AAD0283-B564-7310-78AE-D8ACC325E609}.Release|Any CPU.Build.0 = Release|Any CPU
		{EEFB172C-1ECE-A49F-040B-DF0AFAD3E13D}.Debug|Any CPU.ActiveCfg = Debug|Any CPU
		{EEFB172C-1ECE-A49F-040B-DF0AFAD3E13D}.Debug|Any CPU.Build.0 = Debug|Any CPU
		{EEFB172C-1ECE-A49F-040B-DF0AFAD3E13D}.Release|Any CPU.ActiveCfg = Release|Any CPU
		{EEFB172C-1ECE-A49F-040B-DF0AFAD3E13D}.Release|Any CPU.Build.0 = Release|Any CPU
		{1255F65B-991E-DED7-9884-0CF23843832E}.Debug|Any CPU.ActiveCfg = Debug|Any CPU
		{1255F65B-991E-DED7-9884-0CF23843832E}.Debug|Any CPU.Build.0 = Debug|Any CPU
		{1255F65B-991E-DED7-9884-0CF23843832E}.Release|Any CPU.ActiveCfg = Release|Any CPU
		{1255F65B-991E-DED7-9884-0CF23843832E}.Release|Any CPU.Build.0 = Release|Any CPU
		{5713AAA4-58E4-FE41-E0AE-B1B2895F472E}.Debug|Any CPU.ActiveCfg = Debug|Any CPU
		{5713AAA4-58E4-FE41-E0AE-B1B2895F472E}.Debug|Any CPU.Build.0 = Debug|Any CPU
		{5713AAA4-58E4-FE41-E0AE-B1B2895F472E}.Release|Any CPU.ActiveCfg = Release|Any CPU
		{5713AAA4-58E4-FE41-E0AE-B1B2895F472E}.Release|Any CPU.Build.0 = Release|Any CPU
		{E984C2FC-502E-4154-374E-363F7BA7252C}.Debug|Any CPU.ActiveCfg = Debug|Any CPU
		{E984C2FC-502E-4154-374E-363F7BA7252C}.Debug|Any CPU.Build.0 = Debug|Any CPU
		{E984C2FC-502E-4154-374E-363F7BA7252C}.Release|Any CPU.ActiveCfg = Release|Any CPU
		{E984C2FC-502E-4154-374E-363F7BA7252C}.Release|Any CPU.Build.0 = Release|Any CPU
		{30BEF094-5E85-6FB6-9D33-5852DBF0AC55}.Debug|Any CPU.ActiveCfg = Debug|Any CPU
		{30BEF094-5E85-6FB6-9D33-5852DBF0AC55}.Debug|Any CPU.Build.0 = Debug|Any CPU
		{30BEF094-5E85-6FB6-9D33-5852DBF0AC55}.Release|Any CPU.ActiveCfg = Release|Any CPU
		{30BEF094-5E85-6FB6-9D33-5852DBF0AC55}.Release|Any CPU.Build.0 = Release|Any CPU
		{50296D4D-0578-6C7E-65F9-C333532C9C0A}.Debug|Any CPU.ActiveCfg = Debug|Any CPU
		{50296D4D-0578-6C7E-65F9-C333532C9C0A}.Debug|Any CPU.Build.0 = Debug|Any CPU
		{50296D4D-0578-6C7E-65F9-C333532C9C0A}.Release|Any CPU.ActiveCfg = Release|Any CPU
		{50296D4D-0578-6C7E-65F9-C333532C9C0A}.Release|Any CPU.Build.0 = Release|Any CPU
		{E8C57D57-CAB5-EF50-3FBD-D53C79BBF080}.Debug|Any CPU.ActiveCfg = Debug|Any CPU
		{E8C57D57-CAB5-EF50-3FBD-D53C79BBF080}.Debug|Any CPU.Build.0 = Debug|Any CPU
		{E8C57D57-CAB5-EF50-3FBD-D53C79BBF080}.Release|Any CPU.ActiveCfg = Release|Any CPU
		{E8C57D57-CAB5-EF50-3FBD-D53C79BBF080}.Release|Any CPU.Build.0 = Release|Any CPU
		{1DC7DCE1-41E7-FDFB-1003-3A07A786D73C}.Debug|Any CPU.ActiveCfg = Debug|Any CPU
		{1DC7DCE1-41E7-FDFB-1003-3A07A786D73C}.Debug|Any CPU.Build.0 = Debug|Any CPU
		{1DC7DCE1-41E7-FDFB-1003-3A07A786D73C}.Release|Any CPU.ActiveCfg = Release|Any CPU
		{1DC7DCE1-41E7-FDFB-1003-3A07A786D73C}.Release|Any CPU.Build.0 = Release|Any CPU
		{DC2130D4-ABC6-1873-BECA-7458B3BAAD9B}.Debug|Any CPU.ActiveCfg = Debug|Any CPU
		{DC2130D4-ABC6-1873-BECA-7458B3BAAD9B}.Debug|Any CPU.Build.0 = Debug|Any CPU
		{DC2130D4-ABC6-1873-BECA-7458B3BAAD9B}.Release|Any CPU.ActiveCfg = Release|Any CPU
		{DC2130D4-ABC6-1873-BECA-7458B3BAAD9B}.Release|Any CPU.Build.0 = Release|Any CPU
		{BBBF7BF7-E3FD-F003-5A2D-05C354EAE5A3}.Debug|Any CPU.ActiveCfg = Debug|Any CPU
		{BBBF7BF7-E3FD-F003-5A2D-05C354EAE5A3}.Debug|Any CPU.Build.0 = Debug|Any CPU
		{BBBF7BF7-E3FD-F003-5A2D-05C354EAE5A3}.Release|Any CPU.ActiveCfg = Release|Any CPU
		{BBBF7BF7-E3FD-F003-5A2D-05C354EAE5A3}.Release|Any CPU.Build.0 = Release|Any CPU
		{F2416FC9-43CC-7058-42B8-F3EEE2C38918}.Debug|Any CPU.ActiveCfg = Debug|Any CPU
		{F2416FC9-43CC-7058-42B8-F3EEE2C38918}.Debug|Any CPU.Build.0 = Debug|Any CPU
		{F2416FC9-43CC-7058-42B8-F3EEE2C38918}.Release|Any CPU.ActiveCfg = Release|Any CPU
		{F2416FC9-43CC-7058-42B8-F3EEE2C38918}.Release|Any CPU.Build.0 = Release|Any CPU
		{94E802BA-5BBF-9B48-2513-722A538A9287}.Debug|Any CPU.ActiveCfg = Debug|Any CPU
		{94E802BA-5BBF-9B48-2513-722A538A9287}.Debug|Any CPU.Build.0 = Debug|Any CPU
		{94E802BA-5BBF-9B48-2513-722A538A9287}.Release|Any CPU.ActiveCfg = Release|Any CPU
		{94E802BA-5BBF-9B48-2513-722A538A9287}.Release|Any CPU.Build.0 = Release|Any CPU
		{0CC07C72-3612-BCE3-E025-D656640565B7}.Debug|Any CPU.ActiveCfg = Debug|Any CPU
		{0CC07C72-3612-BCE3-E025-D656640565B7}.Debug|Any CPU.Build.0 = Debug|Any CPU
		{0CC07C72-3612-BCE3-E025-D656640565B7}.Release|Any CPU.ActiveCfg = Release|Any CPU
		{0CC07C72-3612-BCE3-E025-D656640565B7}.Release|Any CPU.Build.0 = Release|Any CPU
		{F5CE52D7-0016-37B3-161B-32E3297C35D9}.Debug|Any CPU.ActiveCfg = Debug|Any CPU
		{F5CE52D7-0016-37B3-161B-32E3297C35D9}.Debug|Any CPU.Build.0 = Debug|Any CPU
		{F5CE52D7-0016-37B3-161B-32E3297C35D9}.Release|Any CPU.ActiveCfg = Release|Any CPU
		{F5CE52D7-0016-37B3-161B-32E3297C35D9}.Release|Any CPU.Build.0 = Release|Any CPU
		{17902C5C-9FBC-7861-D086-B541AEDFBABA}.Debug|Any CPU.ActiveCfg = Debug|Any CPU
		{17902C5C-9FBC-7861-D086-B541AEDFBABA}.Debug|Any CPU.Build.0 = Debug|Any CPU
		{17902C5C-9FBC-7861-D086-B541AEDFBABA}.Release|Any CPU.ActiveCfg = Release|Any CPU
		{17902C5C-9FBC-7861-D086-B541AEDFBABA}.Release|Any CPU.Build.0 = Release|Any CPU
		{6134DC18-085E-F19F-1536-59BD6ED3AE27}.Debug|Any CPU.ActiveCfg = Debug|Any CPU
		{6134DC18-085E-F19F-1536-59BD6ED3AE27}.Debug|Any CPU.Build.0 = Debug|Any CPU
		{6134DC18-085E-F19F-1536-59BD6ED3AE27}.Release|Any CPU.ActiveCfg = Release|Any CPU
		{6134DC18-085E-F19F-1536-59BD6ED3AE27}.Release|Any CPU.Build.0 = Release|Any CPU
		{E9399CBC-5E47-B614-53EF-BE735E632E43}.Debug|Any CPU.ActiveCfg = Debug|Any CPU
		{E9399CBC-5E47-B614-53EF-BE735E632E43}.Debug|Any CPU.Build.0 = Debug|Any CPU
		{E9399CBC-5E47-B614-53EF-BE735E632E43}.Release|Any CPU.ActiveCfg = Release|Any CPU
		{E9399CBC-5E47-B614-53EF-BE735E632E43}.Release|Any CPU.Build.0 = Release|Any CPU
		{A7CA1BA4-AB75-721B-50F1-C217983BD67A}.Debug|Any CPU.ActiveCfg = Debug|Any CPU
		{A7CA1BA4-AB75-721B-50F1-C217983BD67A}.Debug|Any CPU.Build.0 = Debug|Any CPU
		{A7CA1BA4-AB75-721B-50F1-C217983BD67A}.Release|Any CPU.ActiveCfg = Release|Any CPU
		{A7CA1BA4-AB75-721B-50F1-C217983BD67A}.Release|Any CPU.Build.0 = Release|Any CPU
		{2E3B6A76-7949-5272-F541-7A916F106F9C}.Debug|Any CPU.ActiveCfg = Debug|Any CPU
		{2E3B6A76-7949-5272-F541-7A916F106F9C}.Debug|Any CPU.Build.0 = Debug|Any CPU
		{2E3B6A76-7949-5272-F541-7A916F106F9C}.Release|Any CPU.ActiveCfg = Release|Any CPU
		{2E3B6A76-7949-5272-F541-7A916F106F9C}.Release|Any CPU.Build.0 = Release|Any CPU
		{3A392F99-E3FA-0C72-593B-2403B0F69C4F}.Debug|Any CPU.ActiveCfg = Debug|Any CPU
		{3A392F99-E3FA-0C72-593B-2403B0F69C4F}.Debug|Any CPU.Build.0 = Debug|Any CPU
		{3A392F99-E3FA-0C72-593B-2403B0F69C4F}.Release|Any CPU.ActiveCfg = Release|Any CPU
		{3A392F99-E3FA-0C72-593B-2403B0F69C4F}.Release|Any CPU.Build.0 = Release|Any CPU
		{B06B2C9A-2E5D-DAD1-9F92-005A26C16AF1}.Debug|Any CPU.ActiveCfg = Debug|Any CPU
		{B06B2C9A-2E5D-DAD1-9F92-005A26C16AF1}.Debug|Any CPU.Build.0 = Debug|Any CPU
		{B06B2C9A-2E5D-DAD1-9F92-005A26C16AF1}.Release|Any CPU.ActiveCfg = Release|Any CPU
		{B06B2C9A-2E5D-DAD1-9F92-005A26C16AF1}.Release|Any CPU.Build.0 = Release|Any CPU
		{588562F7-9F92-13A9-B62E-956F2839ACC1}.Debug|Any CPU.ActiveCfg = Debug|Any CPU
		{588562F7-9F92-13A9-B62E-956F2839ACC1}.Debug|Any CPU.Build.0 = Debug|Any CPU
		{588562F7-9F92-13A9-B62E-956F2839ACC1}.Release|Any CPU.ActiveCfg = Release|Any CPU
		{588562F7-9F92-13A9-B62E-956F2839ACC1}.Release|Any CPU.Build.0 = Release|Any CPU
		{54F1803E-D027-DE61-31CD-FCEE0C24A0A3}.Debug|Any CPU.ActiveCfg = Debug|Any CPU
		{54F1803E-D027-DE61-31CD-FCEE0C24A0A3}.Debug|Any CPU.Build.0 = Debug|Any CPU
		{54F1803E-D027-DE61-31CD-FCEE0C24A0A3}.Release|Any CPU.ActiveCfg = Release|Any CPU
		{54F1803E-D027-DE61-31CD-FCEE0C24A0A3}.Release|Any CPU.Build.0 = Release|Any CPU
		{DB718575-0D44-0E4E-4B8B-19187374966E}.Debug|Any CPU.ActiveCfg = Debug|Any CPU
		{DB718575-0D44-0E4E-4B8B-19187374966E}.Debug|Any CPU.Build.0 = Debug|Any CPU
		{DB718575-0D44-0E4E-4B8B-19187374966E}.Release|Any CPU.ActiveCfg = Release|Any CPU
		{DB718575-0D44-0E4E-4B8B-19187374966E}.Release|Any CPU.Build.0 = Release|Any CPU
		{45FDE9FA-3565-935C-32FD-1CE2F36BBE70}.Debug|Any CPU.ActiveCfg = Debug|Any CPU
		{45FDE9FA-3565-935C-32FD-1CE2F36BBE70}.Debug|Any CPU.Build.0 = Debug|Any CPU
		{45FDE9FA-3565-935C-32FD-1CE2F36BBE70}.Release|Any CPU.ActiveCfg = Release|Any CPU
		{45FDE9FA-3565-935C-32FD-1CE2F36BBE70}.Release|Any CPU.Build.0 = Release|Any CPU
		{5D876DF9-92FD-65AF-9EFB-2FFA191CB3AB}.Debug|Any CPU.ActiveCfg = Debug|Any CPU
		{5D876DF9-92FD-65AF-9EFB-2FFA191CB3AB}.Debug|Any CPU.Build.0 = Debug|Any CPU
		{5D876DF9-92FD-65AF-9EFB-2FFA191CB3AB}.Release|Any CPU.ActiveCfg = Release|Any CPU
		{5D876DF9-92FD-65AF-9EFB-2FFA191CB3AB}.Release|Any CPU.Build.0 = Release|Any CPU
		{391A1703-B39B-56C7-808F-6DAA3DCBA275}.Debug|Any CPU.ActiveCfg = Debug|Any CPU
		{391A1703-B39B-56C7-808F-6DAA3DCBA275}.Debug|Any CPU.Build.0 = Debug|Any CPU
		{391A1703-B39B-56C7-808F-6DAA3DCBA275}.Release|Any CPU.ActiveCfg = Release|Any CPU
		{391A1703-B39B-56C7-808F-6DAA3DCBA275}.Release|Any CPU.Build.0 = Release|Any CPU
		{2BB84AC7-21DB-8CB5-2CC5-6A9F899EBE44}.Debug|Any CPU.ActiveCfg = Debug|Any CPU
		{2BB84AC7-21DB-8CB5-2CC5-6A9F899EBE44}.Debug|Any CPU.Build.0 = Debug|Any CPU
		{2BB84AC7-21DB-8CB5-2CC5-6A9F899EBE44}.Release|Any CPU.ActiveCfg = Release|Any CPU
		{2BB84AC7-21DB-8CB5-2CC5-6A9F899EBE44}.Release|Any CPU.Build.0 = Release|Any CPU
		{B1D845E7-B012-C2ED-E5F4-7E76CEBAC29E}.Debug|Any CPU.ActiveCfg = Debug|Any CPU
		{B1D845E7-B012-C2ED-E5F4-7E76CEBAC29E}.Debug|Any CPU.Build.0 = Debug|Any CPU
		{B1D845E7-B012-C2ED-E5F4-7E76CEBAC29E}.Release|Any CPU.ActiveCfg = Release|Any CPU
		{B1D845E7-B012-C2ED-E5F4-7E76CEBAC29E}.Release|Any CPU.Build.0 = Release|Any CPU
		{5B0575A3-FBD5-C5B2-DC85-857A09572144}.Debug|Any CPU.ActiveCfg = Debug|Any CPU
		{5B0575A3-FBD5-C5B2-DC85-857A09572144}.Debug|Any CPU.Build.0 = Debug|Any CPU
		{5B0575A3-FBD5-C5B2-DC85-857A09572144}.Release|Any CPU.ActiveCfg = Release|Any CPU
		{5B0575A3-FBD5-C5B2-DC85-857A09572144}.Release|Any CPU.Build.0 = Release|Any CPU
		{842A3BE2-06F9-BD18-DFD5-92DF1001F9C9}.Debug|Any CPU.ActiveCfg = Debug|Any CPU
		{842A3BE2-06F9-BD18-DFD5-92DF1001F9C9}.Debug|Any CPU.Build.0 = Debug|Any CPU
		{842A3BE2-06F9-BD18-DFD5-92DF1001F9C9}.Release|Any CPU.ActiveCfg = Release|Any CPU
		{842A3BE2-06F9-BD18-DFD5-92DF1001F9C9}.Release|Any CPU.Build.0 = Release|Any CPU
		{A23F19CE-2421-8033-26DC-A447449A8BF8}.Debug|Any CPU.ActiveCfg = Debug|Any CPU
		{A23F19CE-2421-8033-26DC-A447449A8BF8}.Debug|Any CPU.Build.0 = Debug|Any CPU
		{A23F19CE-2421-8033-26DC-A447449A8BF8}.Release|Any CPU.ActiveCfg = Release|Any CPU
		{A23F19CE-2421-8033-26DC-A447449A8BF8}.Release|Any CPU.Build.0 = Release|Any CPU
		{CC399CBD-3551-5177-0F8E-1DA4808DCEA9}.Debug|Any CPU.ActiveCfg = Debug|Any CPU
		{CC399CBD-3551-5177-0F8E-1DA4808DCEA9}.Debug|Any CPU.Build.0 = Debug|Any CPU
		{CC399CBD-3551-5177-0F8E-1DA4808DCEA9}.Release|Any CPU.ActiveCfg = Release|Any CPU
		{CC399CBD-3551-5177-0F8E-1DA4808DCEA9}.Release|Any CPU.Build.0 = Release|Any CPU
		{A27AFF7B-A442-5FE6-1F63-3ABB44D83B4E}.Debug|Any CPU.ActiveCfg = Debug|Any CPU
		{A27AFF7B-A442-5FE6-1F63-3ABB44D83B4E}.Debug|Any CPU.Build.0 = Debug|Any CPU
		{A27AFF7B-A442-5FE6-1F63-3ABB44D83B4E}.Release|Any CPU.ActiveCfg = Release|Any CPU
		{A27AFF7B-A442-5FE6-1F63-3ABB44D83B4E}.Release|Any CPU.Build.0 = Release|Any CPU
		{610CC3A2-B736-9D95-24C1-E0CFFB100705}.Debug|Any CPU.ActiveCfg = Debug|Any CPU
		{610CC3A2-B736-9D95-24C1-E0CFFB100705}.Debug|Any CPU.Build.0 = Debug|Any CPU
		{610CC3A2-B736-9D95-24C1-E0CFFB100705}.Release|Any CPU.ActiveCfg = Release|Any CPU
		{610CC3A2-B736-9D95-24C1-E0CFFB100705}.Release|Any CPU.Build.0 = Release|Any CPU
		{52651BA3-A321-7EE7-6F09-54773F6A99C2}.Debug|Any CPU.ActiveCfg = Debug|Any CPU
		{52651BA3-A321-7EE7-6F09-54773F6A99C2}.Debug|Any CPU.Build.0 = Debug|Any CPU
		{52651BA3-A321-7EE7-6F09-54773F6A99C2}.Release|Any CPU.ActiveCfg = Release|Any CPU
		{52651BA3-A321-7EE7-6F09-54773F6A99C2}.Release|Any CPU.Build.0 = Release|Any CPU
		{5222627B-1AAB-34F3-38F1-50A791FAEF68}.Debug|Any CPU.ActiveCfg = Debug|Any CPU
		{5222627B-1AAB-34F3-38F1-50A791FAEF68}.Debug|Any CPU.Build.0 = Debug|Any CPU
		{5222627B-1AAB-34F3-38F1-50A791FAEF68}.Release|Any CPU.ActiveCfg = Release|Any CPU
		{5222627B-1AAB-34F3-38F1-50A791FAEF68}.Release|Any CPU.Build.0 = Release|Any CPU
		{FD2DCF3B-A6A3-342F-6C4E-26EE719E7B72}.Debug|Any CPU.ActiveCfg = Debug|Any CPU
		{FD2DCF3B-A6A3-342F-6C4E-26EE719E7B72}.Debug|Any CPU.Build.0 = Debug|Any CPU
		{FD2DCF3B-A6A3-342F-6C4E-26EE719E7B72}.Release|Any CPU.ActiveCfg = Release|Any CPU
		{FD2DCF3B-A6A3-342F-6C4E-26EE719E7B72}.Release|Any CPU.Build.0 = Release|Any CPU
		{249702E7-39FA-6F16-D310-7853910EE59D}.Debug|Any CPU.ActiveCfg = Debug|Any CPU
		{249702E7-39FA-6F16-D310-7853910EE59D}.Debug|Any CPU.Build.0 = Debug|Any CPU
		{249702E7-39FA-6F16-D310-7853910EE59D}.Release|Any CPU.ActiveCfg = Release|Any CPU
		{249702E7-39FA-6F16-D310-7853910EE59D}.Release|Any CPU.Build.0 = Release|Any CPU
		{F305A2A1-96CC-FEB2-CCBC-F4BA9A5A394F}.Debug|Any CPU.ActiveCfg = Debug|Any CPU
		{F305A2A1-96CC-FEB2-CCBC-F4BA9A5A394F}.Debug|Any CPU.Build.0 = Debug|Any CPU
		{F305A2A1-96CC-FEB2-CCBC-F4BA9A5A394F}.Release|Any CPU.ActiveCfg = Release|Any CPU
		{F305A2A1-96CC-FEB2-CCBC-F4BA9A5A394F}.Release|Any CPU.Build.0 = Release|Any CPU
		{8DEFCDF9-7579-C58F-DD5D-18AB165334C7}.Debug|Any CPU.ActiveCfg = Debug|Any CPU
		{8DEFCDF9-7579-C58F-DD5D-18AB165334C7}.Debug|Any CPU.Build.0 = Debug|Any CPU
		{8DEFCDF9-7579-C58F-DD5D-18AB165334C7}.Release|Any CPU.ActiveCfg = Release|Any CPU
		{8DEFCDF9-7579-C58F-DD5D-18AB165334C7}.Release|Any CPU.Build.0 = Release|Any CPU
		{0C2CDC00-C7CD-BE2F-A57F-BB848F9CF383}.Debug|Any CPU.ActiveCfg = Debug|Any CPU
		{0C2CDC00-C7CD-BE2F-A57F-BB848F9CF383}.Debug|Any CPU.Build.0 = Debug|Any CPU
		{0C2CDC00-C7CD-BE2F-A57F-BB848F9CF383}.Release|Any CPU.ActiveCfg = Release|Any CPU
		{0C2CDC00-C7CD-BE2F-A57F-BB848F9CF383}.Release|Any CPU.Build.0 = Release|Any CPU
		{A866457D-AFFF-34DD-ADC6-5D2728F76B05}.Debug|Any CPU.ActiveCfg = Debug|Any CPU
		{A866457D-AFFF-34DD-ADC6-5D2728F76B05}.Debug|Any CPU.Build.0 = Debug|Any CPU
		{A866457D-AFFF-34DD-ADC6-5D2728F76B05}.Release|Any CPU.ActiveCfg = Release|Any CPU
		{A866457D-AFFF-34DD-ADC6-5D2728F76B05}.Release|Any CPU.Build.0 = Release|Any CPU
		{EC29D52E-D635-1E02-CF15-6C9300DFEC8E}.Debug|Any CPU.ActiveCfg = Debug|Any CPU
		{EC29D52E-D635-1E02-CF15-6C9300DFEC8E}.Debug|Any CPU.Build.0 = Debug|Any CPU
		{EC29D52E-D635-1E02-CF15-6C9300DFEC8E}.Release|Any CPU.ActiveCfg = Release|Any CPU
		{EC29D52E-D635-1E02-CF15-6C9300DFEC8E}.Release|Any CPU.Build.0 = Release|Any CPU
		{3AB98B6F-5FE7-D663-A70A-68C6ADA76E62}.Debug|Any CPU.ActiveCfg = Debug|Any CPU
		{3AB98B6F-5FE7-D663-A70A-68C6ADA76E62}.Debug|Any CPU.Build.0 = Debug|Any CPU
		{3AB98B6F-5FE7-D663-A70A-68C6ADA76E62}.Release|Any CPU.ActiveCfg = Release|Any CPU
		{3AB98B6F-5FE7-D663-A70A-68C6ADA76E62}.Release|Any CPU.Build.0 = Release|Any CPU
		{D505713A-1D52-4E07-159B-8B2373D83696}.Debug|Any CPU.ActiveCfg = Debug|Any CPU
		{D505713A-1D52-4E07-159B-8B2373D83696}.Debug|Any CPU.Build.0 = Debug|Any CPU
		{D505713A-1D52-4E07-159B-8B2373D83696}.Release|Any CPU.ActiveCfg = Release|Any CPU
		{D505713A-1D52-4E07-159B-8B2373D83696}.Release|Any CPU.Build.0 = Release|Any CPU
		{B79974A6-2B46-CF91-CE4C-4E59E78E8268}.Debug|Any CPU.ActiveCfg = Debug|Any CPU
		{B79974A6-2B46-CF91-CE4C-4E59E78E8268}.Debug|Any CPU.Build.0 = Debug|Any CPU
		{B79974A6-2B46-CF91-CE4C-4E59E78E8268}.Release|Any CPU.ActiveCfg = Release|Any CPU
		{B79974A6-2B46-CF91-CE4C-4E59E78E8268}.Release|Any CPU.Build.0 = Release|Any CPU
		{C89759E6-51B4-DE94-F7E8-DDA7E0664247}.Debug|Any CPU.ActiveCfg = Debug|Any CPU
		{C89759E6-51B4-DE94-F7E8-DDA7E0664247}.Debug|Any CPU.Build.0 = Debug|Any CPU
		{C89759E6-51B4-DE94-F7E8-DDA7E0664247}.Release|Any CPU.ActiveCfg = Release|Any CPU
		{C89759E6-51B4-DE94-F7E8-DDA7E0664247}.Release|Any CPU.Build.0 = Release|Any CPU
		{BFFD222D-0D50-D00A-6091-E7A1C603C186}.Debug|Any CPU.ActiveCfg = Debug|Any CPU
		{BFFD222D-0D50-D00A-6091-E7A1C603C186}.Debug|Any CPU.Build.0 = Debug|Any CPU
		{BFFD222D-0D50-D00A-6091-E7A1C603C186}.Release|Any CPU.ActiveCfg = Release|Any CPU
		{BFFD222D-0D50-D00A-6091-E7A1C603C186}.Release|Any CPU.Build.0 = Release|Any CPU
		{D5F0AF9C-4429-9EB0-8014-87B917F1C4E7}.Debug|Any CPU.ActiveCfg = Debug|Any CPU
		{D5F0AF9C-4429-9EB0-8014-87B917F1C4E7}.Debug|Any CPU.Build.0 = Debug|Any CPU
		{D5F0AF9C-4429-9EB0-8014-87B917F1C4E7}.Release|Any CPU.ActiveCfg = Release|Any CPU
		{D5F0AF9C-4429-9EB0-8014-87B917F1C4E7}.Release|Any CPU.Build.0 = Release|Any CPU
		{14471ADF-5639-9989-95EF-E6D40EF87D7A}.Debug|Any CPU.ActiveCfg = Debug|Any CPU
		{14471ADF-5639-9989-95EF-E6D40EF87D7A}.Debug|Any CPU.Build.0 = Debug|Any CPU
		{14471ADF-5639-9989-95EF-E6D40EF87D7A}.Release|Any CPU.ActiveCfg = Release|Any CPU
		{14471ADF-5639-9989-95EF-E6D40EF87D7A}.Release|Any CPU.Build.0 = Release|Any CPU
		{F3770B83-49C0-8AAA-75DE-92D28FF4BB4D}.Debug|Any CPU.ActiveCfg = Debug|Any CPU
		{F3770B83-49C0-8AAA-75DE-92D28FF4BB4D}.Debug|Any CPU.Build.0 = Debug|Any CPU
		{F3770B83-49C0-8AAA-75DE-92D28FF4BB4D}.Release|Any CPU.ActiveCfg = Release|Any CPU
		{F3770B83-49C0-8AAA-75DE-92D28FF4BB4D}.Release|Any CPU.Build.0 = Release|Any CPU
		{FA360F5F-2FB6-F6AC-6302-B665A512785F}.Debug|Any CPU.ActiveCfg = Debug|Any CPU
		{FA360F5F-2FB6-F6AC-6302-B665A512785F}.Debug|Any CPU.Build.0 = Debug|Any CPU
		{FA360F5F-2FB6-F6AC-6302-B665A512785F}.Release|Any CPU.ActiveCfg = Release|Any CPU
		{FA360F5F-2FB6-F6AC-6302-B665A512785F}.Release|Any CPU.Build.0 = Release|Any CPU
		{588E35A7-04F9-6BB3-F40C-B32166D0FA2E}.Debug|Any CPU.ActiveCfg = Debug|Any CPU
		{588E35A7-04F9-6BB3-F40C-B32166D0FA2E}.Debug|Any CPU.Build.0 = Debug|Any CPU
		{588E35A7-04F9-6BB3-F40C-B32166D0FA2E}.Release|Any CPU.ActiveCfg = Release|Any CPU
		{588E35A7-04F9-6BB3-F40C-B32166D0FA2E}.Release|Any CPU.Build.0 = Release|Any CPU
		{5C0B97C0-6E24-D9AF-8E03-5927430A92A7}.Debug|Any CPU.ActiveCfg = Debug|Any CPU
		{5C0B97C0-6E24-D9AF-8E03-5927430A92A7}.Debug|Any CPU.Build.0 = Debug|Any CPU
		{5C0B97C0-6E24-D9AF-8E03-5927430A92A7}.Release|Any CPU.ActiveCfg = Release|Any CPU
		{5C0B97C0-6E24-D9AF-8E03-5927430A92A7}.Release|Any CPU.Build.0 = Release|Any CPU
		{EDCA9315-C5F9-76CC-92C2-D4EC8AA01AE0}.Debug|Any CPU.ActiveCfg = Debug|Any CPU
		{EDCA9315-C5F9-76CC-92C2-D4EC8AA01AE0}.Debug|Any CPU.Build.0 = Debug|Any CPU
		{EDCA9315-C5F9-76CC-92C2-D4EC8AA01AE0}.Release|Any CPU.ActiveCfg = Release|Any CPU
		{EDCA9315-C5F9-76CC-92C2-D4EC8AA01AE0}.Release|Any CPU.Build.0 = Release|Any CPU
		{93E7229D-53DC-D8A7-5754-F0AC13E1B577}.Debug|Any CPU.ActiveCfg = Debug|Any CPU
		{93E7229D-53DC-D8A7-5754-F0AC13E1B577}.Debug|Any CPU.Build.0 = Debug|Any CPU
		{93E7229D-53DC-D8A7-5754-F0AC13E1B577}.Release|Any CPU.ActiveCfg = Release|Any CPU
		{93E7229D-53DC-D8A7-5754-F0AC13E1B577}.Release|Any CPU.Build.0 = Release|Any CPU
		{328C4176-FB39-5797-FBB1-21BD02B934E5}.Debug|Any CPU.ActiveCfg = Debug|Any CPU
		{328C4176-FB39-5797-FBB1-21BD02B934E5}.Debug|Any CPU.Build.0 = Debug|Any CPU
		{328C4176-FB39-5797-FBB1-21BD02B934E5}.Release|Any CPU.ActiveCfg = Release|Any CPU
		{328C4176-FB39-5797-FBB1-21BD02B934E5}.Release|Any CPU.Build.0 = Release|Any CPU
		{0F8C9F78-AEBC-4C88-A519-D13F27C14B46}.Debug|Any CPU.ActiveCfg = Debug|Any CPU
		{0F8C9F78-AEBC-4C88-A519-D13F27C14B46}.Debug|Any CPU.Build.0 = Debug|Any CPU
		{0F8C9F78-AEBC-4C88-A519-D13F27C14B46}.Release|Any CPU.ActiveCfg = Release|Any CPU
		{0F8C9F78-AEBC-4C88-A519-D13F27C14B46}.Release|Any CPU.Build.0 = Release|Any CPU
		{93088040-EA9C-EF1C-CB23-900677158C2A}.Debug|Any CPU.ActiveCfg = Debug|Any CPU
		{93088040-EA9C-EF1C-CB23-900677158C2A}.Debug|Any CPU.Build.0 = Debug|Any CPU
		{93088040-EA9C-EF1C-CB23-900677158C2A}.Release|Any CPU.ActiveCfg = Release|Any CPU
		{93088040-EA9C-EF1C-CB23-900677158C2A}.Release|Any CPU.Build.0 = Release|Any CPU
		{23DBFF31-896A-3DBD-09CC-A270BE08A28A}.Debug|Any CPU.ActiveCfg = Debug|Any CPU
		{23DBFF31-896A-3DBD-09CC-A270BE08A28A}.Debug|Any CPU.Build.0 = Debug|Any CPU
		{23DBFF31-896A-3DBD-09CC-A270BE08A28A}.Release|Any CPU.ActiveCfg = Release|Any CPU
		{23DBFF31-896A-3DBD-09CC-A270BE08A28A}.Release|Any CPU.Build.0 = Release|Any CPU
		{2765CA07-8525-C802-06F6-CA4E24DDC4FA}.Debug|Any CPU.ActiveCfg = Debug|Any CPU
		{2765CA07-8525-C802-06F6-CA4E24DDC4FA}.Debug|Any CPU.Build.0 = Debug|Any CPU
		{2765CA07-8525-C802-06F6-CA4E24DDC4FA}.Release|Any CPU.ActiveCfg = Release|Any CPU
		{2765CA07-8525-C802-06F6-CA4E24DDC4FA}.Release|Any CPU.Build.0 = Release|Any CPU
		{D8DCC71B-B973-DD0A-EFD3-4E4C6FFE01D9}.Debug|Any CPU.ActiveCfg = Debug|Any CPU
		{D8DCC71B-B973-DD0A-EFD3-4E4C6FFE01D9}.Debug|Any CPU.Build.0 = Debug|Any CPU
		{D8DCC71B-B973-DD0A-EFD3-4E4C6FFE01D9}.Release|Any CPU.ActiveCfg = Release|Any CPU
		{D8DCC71B-B973-DD0A-EFD3-4E4C6FFE01D9}.Release|Any CPU.Build.0 = Release|Any CPU
		{965EA598-DD83-83DB-70CB-68DCA9D661BC}.Debug|Any CPU.ActiveCfg = Debug|Any CPU
		{965EA598-DD83-83DB-70CB-68DCA9D661BC}.Debug|Any CPU.Build.0 = Debug|Any CPU
		{965EA598-DD83-83DB-70CB-68DCA9D661BC}.Release|Any CPU.ActiveCfg = Release|Any CPU
		{965EA598-DD83-83DB-70CB-68DCA9D661BC}.Release|Any CPU.Build.0 = Release|Any CPU
		{91E1F789-4836-9282-4184-00F9A161CC23}.Debug|Any CPU.ActiveCfg = Debug|Any CPU
		{91E1F789-4836-9282-4184-00F9A161CC23}.Debug|Any CPU.Build.0 = Debug|Any CPU
		{91E1F789-4836-9282-4184-00F9A161CC23}.Release|Any CPU.ActiveCfg = Release|Any CPU
		{91E1F789-4836-9282-4184-00F9A161CC23}.Release|Any CPU.Build.0 = Release|Any CPU
		{69B6D39B-596C-62E6-E21B-CC60895029DB}.Debug|Any CPU.ActiveCfg = Debug|Any CPU
		{69B6D39B-596C-62E6-E21B-CC60895029DB}.Debug|Any CPU.Build.0 = Debug|Any CPU
		{69B6D39B-596C-62E6-E21B-CC60895029DB}.Release|Any CPU.ActiveCfg = Release|Any CPU
		{69B6D39B-596C-62E6-E21B-CC60895029DB}.Release|Any CPU.Build.0 = Release|Any CPU
		{0519A361-B5F8-8871-2F9C-73D91D863D42}.Debug|Any CPU.ActiveCfg = Debug|Any CPU
		{0519A361-B5F8-8871-2F9C-73D91D863D42}.Debug|Any CPU.Build.0 = Debug|Any CPU
		{0519A361-B5F8-8871-2F9C-73D91D863D42}.Release|Any CPU.ActiveCfg = Release|Any CPU
		{0519A361-B5F8-8871-2F9C-73D91D863D42}.Release|Any CPU.Build.0 = Release|Any CPU
		{4C211968-9B8C-4630-A953-2840ACBD1AE0}.Debug|Any CPU.ActiveCfg = Debug|Any CPU
		{4C211968-9B8C-4630-A953-2840ACBD1AE0}.Debug|Any CPU.Build.0 = Debug|Any CPU
		{4C211968-9B8C-4630-A953-2840ACBD1AE0}.Release|Any CPU.ActiveCfg = Release|Any CPU
		{4C211968-9B8C-4630-A953-2840ACBD1AE0}.Release|Any CPU.Build.0 = Release|Any CPU
		{C3BF5BB7-2554-05D4-49B3-DC7AF9D733EA}.Debug|Any CPU.ActiveCfg = Debug|Any CPU
		{C3BF5BB7-2554-05D4-49B3-DC7AF9D733EA}.Debug|Any CPU.Build.0 = Debug|Any CPU
		{C3BF5BB7-2554-05D4-49B3-DC7AF9D733EA}.Release|Any CPU.ActiveCfg = Release|Any CPU
		{C3BF5BB7-2554-05D4-49B3-DC7AF9D733EA}.Release|Any CPU.Build.0 = Release|Any CPU
		{80BE98A0-EB30-DB06-3C63-B8C8E6F52D06}.Debug|Any CPU.ActiveCfg = Debug|Any CPU
		{80BE98A0-EB30-DB06-3C63-B8C8E6F52D06}.Debug|Any CPU.Build.0 = Debug|Any CPU
		{80BE98A0-EB30-DB06-3C63-B8C8E6F52D06}.Release|Any CPU.ActiveCfg = Release|Any CPU
		{80BE98A0-EB30-DB06-3C63-B8C8E6F52D06}.Release|Any CPU.Build.0 = Release|Any CPU
		{617237A4-E32F-88D2-8B61-2CD9FF8BDB03}.Debug|Any CPU.ActiveCfg = Debug|Any CPU
		{617237A4-E32F-88D2-8B61-2CD9FF8BDB03}.Debug|Any CPU.Build.0 = Debug|Any CPU
		{617237A4-E32F-88D2-8B61-2CD9FF8BDB03}.Release|Any CPU.ActiveCfg = Release|Any CPU
		{617237A4-E32F-88D2-8B61-2CD9FF8BDB03}.Release|Any CPU.Build.0 = Release|Any CPU
		{3B73248D-6B84-B843-3BD5-2A7EADF63633}.Debug|Any CPU.ActiveCfg = Debug|Any CPU
		{3B73248D-6B84-B843-3BD5-2A7EADF63633}.Debug|Any CPU.Build.0 = Debug|Any CPU
		{3B73248D-6B84-B843-3BD5-2A7EADF63633}.Release|Any CPU.ActiveCfg = Release|Any CPU
		{3B73248D-6B84-B843-3BD5-2A7EADF63633}.Release|Any CPU.Build.0 = Release|Any CPU
		{2C4CC0F3-DE44-483D-688E-01F79A4C06F0}.Debug|Any CPU.ActiveCfg = Debug|Any CPU
		{2C4CC0F3-DE44-483D-688E-01F79A4C06F0}.Debug|Any CPU.Build.0 = Debug|Any CPU
		{2C4CC0F3-DE44-483D-688E-01F79A4C06F0}.Release|Any CPU.ActiveCfg = Release|Any CPU
		{2C4CC0F3-DE44-483D-688E-01F79A4C06F0}.Release|Any CPU.Build.0 = Release|Any CPU
		{831CC462-28F3-8112-257D-515BE5118CF1}.Debug|Any CPU.ActiveCfg = Debug|Any CPU
		{831CC462-28F3-8112-257D-515BE5118CF1}.Debug|Any CPU.Build.0 = Debug|Any CPU
		{831CC462-28F3-8112-257D-515BE5118CF1}.Release|Any CPU.ActiveCfg = Release|Any CPU
		{831CC462-28F3-8112-257D-515BE5118CF1}.Release|Any CPU.Build.0 = Release|Any CPU
		{65CE17D5-8AEC-F34F-77EE-259AAF10C26C}.Debug|Any CPU.ActiveCfg = Debug|Any CPU
		{65CE17D5-8AEC-F34F-77EE-259AAF10C26C}.Debug|Any CPU.Build.0 = Debug|Any CPU
		{65CE17D5-8AEC-F34F-77EE-259AAF10C26C}.Release|Any CPU.ActiveCfg = Release|Any CPU
		{65CE17D5-8AEC-F34F-77EE-259AAF10C26C}.Release|Any CPU.Build.0 = Release|Any CPU
		{F66AE5EC-36DA-D011-0489-21621AF831FA}.Debug|Any CPU.ActiveCfg = Debug|Any CPU
		{F66AE5EC-36DA-D011-0489-21621AF831FA}.Debug|Any CPU.Build.0 = Debug|Any CPU
		{F66AE5EC-36DA-D011-0489-21621AF831FA}.Release|Any CPU.ActiveCfg = Release|Any CPU
		{F66AE5EC-36DA-D011-0489-21621AF831FA}.Release|Any CPU.Build.0 = Release|Any CPU
	EndGlobalSection
	GlobalSection(SolutionProperties) = preSolution
		HideSolutionNode = FALSE
	EndGlobalSection
	GlobalSection(ExtensibilityGlobals) = postSolution
		SolutionGuid = {F6ED2ED4-2CBA-476F-8D39-F1DBDCBA8D28}
	EndGlobalSection
EndGlobal
